
Microsoft Visual Studio Solution File, Format Version 12.00
# Visual Studio 15
VisualStudioVersion = 15.0.27428.2037
MinimumVisualStudioVersion = 10.0.40219.1
Project("{8BC9CEB8-8B4A-11D0-8D11-00A0C91BC942}") = "_HW_3D_", "_HW_3D_\_HW_3D_.vcxproj", "{93B9FBD3-F3EC-473E-8E9A-F3C8FEE447CA}"
EndProject
Global
	GlobalSection(SolutionConfigurationPlatforms) = preSolution
		Debug|x64 = Debug|x64
		Debug|x86 = Debug|x86
		Release|x64 = Release|x64
		Release|x86 = Release|x86
	EndGlobalSection
	GlobalSection(ProjectConfigurationPlatforms) = postSolution
		{93B9FBD3-F3EC-473E-8E9A-F3C8FEE447CA}.Debug|x64.ActiveCfg = Debug|x64
		{93B9FBD3-F3EC-473E-8E9A-F3C8FEE447CA}.Debug|x64.Build.0 = Debug|x64
		{93B9FBD3-F3EC-473E-8E9A-F3C8FEE447CA}.Debug|x86.ActiveCfg = Debug|Win32
		{93B9FBD3-F3EC-473E-8E9A-F3C8FEE447CA}.Debug|x86.Build.0 = Debug|Win32
		{93B9FBD3-F3EC-473E-8E9A-F3C8FEE447CA}.Release|x64.ActiveCfg = Release|x64
		{93B9FBD3-F3EC-473E-8E9A-F3C8FEE447CA}.Release|x64.Build.0 = Release|x64
		{93B9FBD3-F3EC-473E-8E9A-F3C8FEE447CA}.Release|x86.ActiveCfg = Release|Win32
		{93B9FBD3-F3EC-473E-8E9A-F3C8FEE447CA}.Release|x86.Build.0 = Release|Win32
	EndGlobalSection
	GlobalSection(SolutionProperties) = preSolution
		HideSolutionNode = FALSE
	EndGlobalSection
	GlobalSection(ExtensibilityGlobals) = postSolution
		SolutionGuid = {9FBC57EA-B8D0-4B78-B7AE-504CC65D2EF0}
	EndGlobalSection
EndGlobal
